
Microsoft Visual Studio Solution File, Format Version 12.00
# Visual Studio 15
VisualStudioVersion = 15.0.28307.329
MinimumVisualStudioVersion = 10.0.40219.1
Project("{FAE04EC0-301F-11D3-BF4B-00C04F79EFBC}") = "dobokocka", "dobokocka\dobokocka.csproj", "{91FA8B49-9D27-45FA-AA0C-AF9C84AD813A}"
EndProject
Global
	GlobalSection(SolutionConfigurationPlatforms) = preSolution
		Debug|Any CPU = Debug|Any CPU
		Release|Any CPU = Release|Any CPU
	EndGlobalSection
	GlobalSection(ProjectConfigurationPlatforms) = postSolution
		{91FA8B49-9D27-45FA-AA0C-AF9C84AD813A}.Debug|Any CPU.ActiveCfg = Debug|Any CPU
		{91FA8B49-9D27-45FA-AA0C-AF9C84AD813A}.Debug|Any CPU.Build.0 = Debug|Any CPU
		{91FA8B49-9D27-45FA-AA0C-AF9C84AD813A}.Release|Any CPU.ActiveCfg = Release|Any CPU
		{91FA8B49-9D27-45FA-AA0C-AF9C84AD813A}.Release|Any CPU.Build.0 = Release|Any CPU
	EndGlobalSection
	GlobalSection(SolutionProperties) = preSolution
		HideSolutionNode = FALSE
	EndGlobalSection
	GlobalSection(ExtensibilityGlobals) = postSolution
		SolutionGuid = {CC11AB52-1813-4607-89A6-25E49489155C}
	EndGlobalSection
EndGlobal
