
Microsoft Visual Studio Solution File, Format Version 12.00
# Visual Studio Version 16
VisualStudioVersion = 16.0.30621.155
MinimumVisualStudioVersion = 10.0.40219.1
Project("{FAE04EC0-301F-11D3-BF4B-00C04F79EFBC}") = "Üdvözlet", "Üdvözlet.csproj", "{085CCB77-8FB7-4DD2-AFC6-00C66F9F6566}"
EndProject
Global
	GlobalSection(SolutionConfigurationPlatforms) = preSolution
		Debug|Any CPU = Debug|Any CPU
		Release|Any CPU = Release|Any CPU
	EndGlobalSection
	GlobalSection(ProjectConfigurationPlatforms) = postSolution
		{085CCB77-8FB7-4DD2-AFC6-00C66F9F6566}.Debug|Any CPU.ActiveCfg = Debug|Any CPU
		{085CCB77-8FB7-4DD2-AFC6-00C66F9F6566}.Debug|Any CPU.Build.0 = Debug|Any CPU
		{085CCB77-8FB7-4DD2-AFC6-00C66F9F6566}.Release|Any CPU.ActiveCfg = Release|Any CPU
		{085CCB77-8FB7-4DD2-AFC6-00C66F9F6566}.Release|Any CPU.Build.0 = Release|Any CPU
	EndGlobalSection
	GlobalSection(SolutionProperties) = preSolution
		HideSolutionNode = FALSE
	EndGlobalSection
	GlobalSection(ExtensibilityGlobals) = postSolution
		SolutionGuid = {B98632AC-BD63-425D-981F-CC36E79A99A0}
	EndGlobalSection
EndGlobal
