
Microsoft Visual Studio Solution File, Format Version 12.00
# Visual Studio 15
VisualStudioVersion = 15.0.28010.2036
MinimumVisualStudioVersion = 10.0.40219.1
Project("{FAE04EC0-301F-11D3-BF4B-00C04F79EFBC}") = "szovegek2", "szovegek2\szovegek2.csproj", "{A8656A71-ACA7-4ACF-A02F-5C80BAFAD275}"
EndProject
Global
	GlobalSection(SolutionConfigurationPlatforms) = preSolution
		Debug|Any CPU = Debug|Any CPU
		Release|Any CPU = Release|Any CPU
	EndGlobalSection
	GlobalSection(ProjectConfigurationPlatforms) = postSolution
		{A8656A71-ACA7-4ACF-A02F-5C80BAFAD275}.Debug|Any CPU.ActiveCfg = Debug|Any CPU
		{A8656A71-ACA7-4ACF-A02F-5C80BAFAD275}.Debug|Any CPU.Build.0 = Debug|Any CPU
		{A8656A71-ACA7-4ACF-A02F-5C80BAFAD275}.Release|Any CPU.ActiveCfg = Release|Any CPU
		{A8656A71-ACA7-4ACF-A02F-5C80BAFAD275}.Release|Any CPU.Build.0 = Release|Any CPU
	EndGlobalSection
	GlobalSection(SolutionProperties) = preSolution
		HideSolutionNode = FALSE
	EndGlobalSection
	GlobalSection(ExtensibilityGlobals) = postSolution
		SolutionGuid = {F79BDB05-BECB-4726-BA79-F2E6BB2C5FD0}
	EndGlobalSection
EndGlobal
