
Microsoft Visual Studio Solution File, Format Version 12.00
# Visual Studio Version 16
VisualStudioVersion = 16.0.30104.148
MinimumVisualStudioVersion = 10.0.40219.1
Project("{FAE04EC0-301F-11D3-BF4B-00C04F79EFBC}") = "szamológép1", "szamológép1.csproj", "{411ADC4B-53A5-4A44-9797-8F16C0EC5849}"
EndProject
Global
	GlobalSection(SolutionConfigurationPlatforms) = preSolution
		Debug|Any CPU = Debug|Any CPU
		Release|Any CPU = Release|Any CPU
	EndGlobalSection
	GlobalSection(ProjectConfigurationPlatforms) = postSolution
		{411ADC4B-53A5-4A44-9797-8F16C0EC5849}.Debug|Any CPU.ActiveCfg = Debug|Any CPU
		{411ADC4B-53A5-4A44-9797-8F16C0EC5849}.Debug|Any CPU.Build.0 = Debug|Any CPU
		{411ADC4B-53A5-4A44-9797-8F16C0EC5849}.Release|Any CPU.ActiveCfg = Release|Any CPU
		{411ADC4B-53A5-4A44-9797-8F16C0EC5849}.Release|Any CPU.Build.0 = Release|Any CPU
	EndGlobalSection
	GlobalSection(SolutionProperties) = preSolution
		HideSolutionNode = FALSE
	EndGlobalSection
	GlobalSection(ExtensibilityGlobals) = postSolution
		SolutionGuid = {6F313F02-28BD-42AE-A6E3-A31FC3312E79}
	EndGlobalSection
EndGlobal
