
Microsoft Visual Studio Solution File, Format Version 12.00
# Visual Studio Version 16
VisualStudioVersion = 16.0.30621.155
MinimumVisualStudioVersion = 10.0.40219.1
Project("{FAE04EC0-301F-11D3-BF4B-00C04F79EFBC}") = "háromszám", "háromszám.csproj", "{D5CDE109-F31A-4926-A8C0-C6AFED4A4B71}"
EndProject
Global
	GlobalSection(SolutionConfigurationPlatforms) = preSolution
		Debug|Any CPU = Debug|Any CPU
		Release|Any CPU = Release|Any CPU
	EndGlobalSection
	GlobalSection(ProjectConfigurationPlatforms) = postSolution
		{D5CDE109-F31A-4926-A8C0-C6AFED4A4B71}.Debug|Any CPU.ActiveCfg = Debug|Any CPU
		{D5CDE109-F31A-4926-A8C0-C6AFED4A4B71}.Debug|Any CPU.Build.0 = Debug|Any CPU
		{D5CDE109-F31A-4926-A8C0-C6AFED4A4B71}.Release|Any CPU.ActiveCfg = Release|Any CPU
		{D5CDE109-F31A-4926-A8C0-C6AFED4A4B71}.Release|Any CPU.Build.0 = Release|Any CPU
	EndGlobalSection
	GlobalSection(SolutionProperties) = preSolution
		HideSolutionNode = FALSE
	EndGlobalSection
	GlobalSection(ExtensibilityGlobals) = postSolution
		SolutionGuid = {342ACB1D-6D66-436C-AC25-D8F285AD7F44}
	EndGlobalSection
EndGlobal
