
Microsoft Visual Studio Solution File, Format Version 12.00
# Visual Studio 15
VisualStudioVersion = 15.0.26730.12
MinimumVisualStudioVersion = 10.0.40219.1
Project("{FAE04EC0-301F-11D3-BF4B-00C04F79EFBC}") = "Felhasznalo", "Felhasznalo\Felhasznalo.csproj", "{A3388A98-B0E8-4C14-BA11-E19A4CF8E5D5}"
EndProject
Global
	GlobalSection(SolutionConfigurationPlatforms) = preSolution
		Debug|Any CPU = Debug|Any CPU
		Release|Any CPU = Release|Any CPU
	EndGlobalSection
	GlobalSection(ProjectConfigurationPlatforms) = postSolution
		{A3388A98-B0E8-4C14-BA11-E19A4CF8E5D5}.Debug|Any CPU.ActiveCfg = Debug|Any CPU
		{A3388A98-B0E8-4C14-BA11-E19A4CF8E5D5}.Debug|Any CPU.Build.0 = Debug|Any CPU
		{A3388A98-B0E8-4C14-BA11-E19A4CF8E5D5}.Release|Any CPU.ActiveCfg = Release|Any CPU
		{A3388A98-B0E8-4C14-BA11-E19A4CF8E5D5}.Release|Any CPU.Build.0 = Release|Any CPU
	EndGlobalSection
	GlobalSection(SolutionProperties) = preSolution
		HideSolutionNode = FALSE
	EndGlobalSection
	GlobalSection(ExtensibilityGlobals) = postSolution
		SolutionGuid = {88FBE94E-EB3D-45B7-A815-D8234179CBA5}
	EndGlobalSection
EndGlobal
