
Microsoft Visual Studio Solution File, Format Version 12.00
# Visual Studio Version 16
VisualStudioVersion = 16.0.30104.148
MinimumVisualStudioVersion = 10.0.40219.1
Project("{FAE04EC0-301F-11D3-BF4B-00C04F79EFBC}") = "bank-kamat", "bank-kamat.csproj", "{4BE1F486-C191-4BFF-948E-E91370BC6E06}"
EndProject
Global
	GlobalSection(SolutionConfigurationPlatforms) = preSolution
		Debug|Any CPU = Debug|Any CPU
		Release|Any CPU = Release|Any CPU
	EndGlobalSection
	GlobalSection(ProjectConfigurationPlatforms) = postSolution
		{4BE1F486-C191-4BFF-948E-E91370BC6E06}.Debug|Any CPU.ActiveCfg = Debug|Any CPU
		{4BE1F486-C191-4BFF-948E-E91370BC6E06}.Debug|Any CPU.Build.0 = Debug|Any CPU
		{4BE1F486-C191-4BFF-948E-E91370BC6E06}.Release|Any CPU.ActiveCfg = Release|Any CPU
		{4BE1F486-C191-4BFF-948E-E91370BC6E06}.Release|Any CPU.Build.0 = Release|Any CPU
	EndGlobalSection
	GlobalSection(SolutionProperties) = preSolution
		HideSolutionNode = FALSE
	EndGlobalSection
	GlobalSection(ExtensibilityGlobals) = postSolution
		SolutionGuid = {DA6A15B7-698D-4129-A242-C57537E56EA1}
	EndGlobalSection
EndGlobal
