
Microsoft Visual Studio Solution File, Format Version 12.00
# Visual Studio Version 16
VisualStudioVersion = 16.0.30517.126
MinimumVisualStudioVersion = 10.0.40219.1
Project("{FAE04EC0-301F-11D3-BF4B-00C04F79EFBC}") = "aranyforint", "aranyforint.csproj", "{C2E2DB86-7FA2-448E-9889-F7505C497674}"
EndProject
Global
	GlobalSection(SolutionConfigurationPlatforms) = preSolution
		Debug|Any CPU = Debug|Any CPU
		Release|Any CPU = Release|Any CPU
	EndGlobalSection
	GlobalSection(ProjectConfigurationPlatforms) = postSolution
		{C2E2DB86-7FA2-448E-9889-F7505C497674}.Debug|Any CPU.ActiveCfg = Debug|Any CPU
		{C2E2DB86-7FA2-448E-9889-F7505C497674}.Debug|Any CPU.Build.0 = Debug|Any CPU
		{C2E2DB86-7FA2-448E-9889-F7505C497674}.Release|Any CPU.ActiveCfg = Release|Any CPU
		{C2E2DB86-7FA2-448E-9889-F7505C497674}.Release|Any CPU.Build.0 = Release|Any CPU
	EndGlobalSection
	GlobalSection(SolutionProperties) = preSolution
		HideSolutionNode = FALSE
	EndGlobalSection
	GlobalSection(ExtensibilityGlobals) = postSolution
		SolutionGuid = {31D64716-19BA-442B-8501-8DF1F2C3DEEC}
	EndGlobalSection
EndGlobal
