
Microsoft Visual Studio Solution File, Format Version 12.00
# Visual Studio Version 16
VisualStudioVersion = 16.0.30104.148
MinimumVisualStudioVersion = 10.0.40219.1
Project("{FAE04EC0-301F-11D3-BF4B-00C04F79EFBC}") = "képek", "képek.csproj", "{83F624B6-A34F-4723-A592-B8CA9D9C2151}"
EndProject
Global
	GlobalSection(SolutionConfigurationPlatforms) = preSolution
		Debug|Any CPU = Debug|Any CPU
		Release|Any CPU = Release|Any CPU
	EndGlobalSection
	GlobalSection(ProjectConfigurationPlatforms) = postSolution
		{83F624B6-A34F-4723-A592-B8CA9D9C2151}.Debug|Any CPU.ActiveCfg = Debug|Any CPU
		{83F624B6-A34F-4723-A592-B8CA9D9C2151}.Debug|Any CPU.Build.0 = Debug|Any CPU
		{83F624B6-A34F-4723-A592-B8CA9D9C2151}.Release|Any CPU.ActiveCfg = Release|Any CPU
		{83F624B6-A34F-4723-A592-B8CA9D9C2151}.Release|Any CPU.Build.0 = Release|Any CPU
	EndGlobalSection
	GlobalSection(SolutionProperties) = preSolution
		HideSolutionNode = FALSE
	EndGlobalSection
	GlobalSection(ExtensibilityGlobals) = postSolution
		SolutionGuid = {305B9B60-9C5A-4D67-A0A4-72DE1E31CDBC}
	EndGlobalSection
EndGlobal
