
Microsoft Visual Studio Solution File, Format Version 12.00
# Visual Studio 15
VisualStudioVersion = 15.0.28307.329
MinimumVisualStudioVersion = 10.0.40219.1
Project("{FAE04EC0-301F-11D3-BF4B-00C04F79EFBC}") = "ListBox", "ListBox\ListBox.csproj", "{31F9DA08-8162-4749-AE76-38251F17FD2B}"
EndProject
Global
	GlobalSection(SolutionConfigurationPlatforms) = preSolution
		Debug|Any CPU = Debug|Any CPU
		Release|Any CPU = Release|Any CPU
	EndGlobalSection
	GlobalSection(ProjectConfigurationPlatforms) = postSolution
		{31F9DA08-8162-4749-AE76-38251F17FD2B}.Debug|Any CPU.ActiveCfg = Debug|Any CPU
		{31F9DA08-8162-4749-AE76-38251F17FD2B}.Debug|Any CPU.Build.0 = Debug|Any CPU
		{31F9DA08-8162-4749-AE76-38251F17FD2B}.Release|Any CPU.ActiveCfg = Release|Any CPU
		{31F9DA08-8162-4749-AE76-38251F17FD2B}.Release|Any CPU.Build.0 = Release|Any CPU
	EndGlobalSection
	GlobalSection(SolutionProperties) = preSolution
		HideSolutionNode = FALSE
	EndGlobalSection
	GlobalSection(ExtensibilityGlobals) = postSolution
		SolutionGuid = {01056EC9-1738-4CF1-9CF3-A6D6320E4183}
	EndGlobalSection
EndGlobal
