
Microsoft Visual Studio Solution File, Format Version 12.00
# Visual Studio Version 16
VisualStudioVersion = 16.0.30804.86
MinimumVisualStudioVersion = 10.0.40219.1
Project("{FAE04EC0-301F-11D3-BF4B-00C04F79EFBC}") = "dinamikus gomb", "dinamikus gomb.csproj", "{C933E6B5-440F-47DE-85D3-9CC8F458F268}"
EndProject
Global
	GlobalSection(SolutionConfigurationPlatforms) = preSolution
		Debug|Any CPU = Debug|Any CPU
		Release|Any CPU = Release|Any CPU
	EndGlobalSection
	GlobalSection(ProjectConfigurationPlatforms) = postSolution
		{C933E6B5-440F-47DE-85D3-9CC8F458F268}.Debug|Any CPU.ActiveCfg = Debug|Any CPU
		{C933E6B5-440F-47DE-85D3-9CC8F458F268}.Debug|Any CPU.Build.0 = Debug|Any CPU
		{C933E6B5-440F-47DE-85D3-9CC8F458F268}.Release|Any CPU.ActiveCfg = Release|Any CPU
		{C933E6B5-440F-47DE-85D3-9CC8F458F268}.Release|Any CPU.Build.0 = Release|Any CPU
	EndGlobalSection
	GlobalSection(SolutionProperties) = preSolution
		HideSolutionNode = FALSE
	EndGlobalSection
	GlobalSection(ExtensibilityGlobals) = postSolution
		SolutionGuid = {AFC577CB-7990-45E3-B0A1-F007295FF135}
	EndGlobalSection
EndGlobal
