
Microsoft Visual Studio Solution File, Format Version 12.00
# Visual Studio 15
VisualStudioVersion = 15.0.28010.2026
MinimumVisualStudioVersion = 10.0.40219.1
Project("{FAE04EC0-301F-11D3-BF4B-00C04F79EFBC}") = "WindowsFormsApp2", "WindowsFormsApp2\WindowsFormsApp2.csproj", "{32815813-3FB2-4561-ABA6-A2E237198276}"
EndProject
Global
	GlobalSection(SolutionConfigurationPlatforms) = preSolution
		Debug|Any CPU = Debug|Any CPU
		Release|Any CPU = Release|Any CPU
	EndGlobalSection
	GlobalSection(ProjectConfigurationPlatforms) = postSolution
		{32815813-3FB2-4561-ABA6-A2E237198276}.Debug|Any CPU.ActiveCfg = Debug|Any CPU
		{32815813-3FB2-4561-ABA6-A2E237198276}.Debug|Any CPU.Build.0 = Debug|Any CPU
		{32815813-3FB2-4561-ABA6-A2E237198276}.Release|Any CPU.ActiveCfg = Release|Any CPU
		{32815813-3FB2-4561-ABA6-A2E237198276}.Release|Any CPU.Build.0 = Release|Any CPU
	EndGlobalSection
	GlobalSection(SolutionProperties) = preSolution
		HideSolutionNode = FALSE
	EndGlobalSection
	GlobalSection(ExtensibilityGlobals) = postSolution
		SolutionGuid = {E3D3327C-4298-4243-9CD3-A9A1E4A4350F}
	EndGlobalSection
EndGlobal
