
Microsoft Visual Studio Solution File, Format Version 12.00
# Visual Studio 15
VisualStudioVersion = 15.0.28010.2036
MinimumVisualStudioVersion = 10.0.40219.1
Project("{FAE04EC0-301F-11D3-BF4B-00C04F79EFBC}") = "vezerlok2", "vezerlok2\vezerlok2.csproj", "{3F8908ED-88F0-4EDD-9190-B3748C59FBE3}"
EndProject
Global
	GlobalSection(SolutionConfigurationPlatforms) = preSolution
		Debug|Any CPU = Debug|Any CPU
		Release|Any CPU = Release|Any CPU
	EndGlobalSection
	GlobalSection(ProjectConfigurationPlatforms) = postSolution
		{3F8908ED-88F0-4EDD-9190-B3748C59FBE3}.Debug|Any CPU.ActiveCfg = Debug|Any CPU
		{3F8908ED-88F0-4EDD-9190-B3748C59FBE3}.Debug|Any CPU.Build.0 = Debug|Any CPU
		{3F8908ED-88F0-4EDD-9190-B3748C59FBE3}.Release|Any CPU.ActiveCfg = Release|Any CPU
		{3F8908ED-88F0-4EDD-9190-B3748C59FBE3}.Release|Any CPU.Build.0 = Release|Any CPU
	EndGlobalSection
	GlobalSection(SolutionProperties) = preSolution
		HideSolutionNode = FALSE
	EndGlobalSection
	GlobalSection(ExtensibilityGlobals) = postSolution
		SolutionGuid = {A4008CA5-A2A9-4EA8-A7FC-BBD0CF576515}
	EndGlobalSection
EndGlobal
