
Microsoft Visual Studio Solution File, Format Version 12.00
# Visual Studio 15
VisualStudioVersion = 15.0.27428.2037
MinimumVisualStudioVersion = 10.0.40219.1
Project("{FAE04EC0-301F-11D3-BF4B-00C04F79EFBC}") = "eger", "eger\eger.csproj", "{AB6B9B51-6C1F-49E3-BD40-385B15961138}"
EndProject
Global
	GlobalSection(SolutionConfigurationPlatforms) = preSolution
		Debug|Any CPU = Debug|Any CPU
		Release|Any CPU = Release|Any CPU
	EndGlobalSection
	GlobalSection(ProjectConfigurationPlatforms) = postSolution
		{AB6B9B51-6C1F-49E3-BD40-385B15961138}.Debug|Any CPU.ActiveCfg = Debug|Any CPU
		{AB6B9B51-6C1F-49E3-BD40-385B15961138}.Debug|Any CPU.Build.0 = Debug|Any CPU
		{AB6B9B51-6C1F-49E3-BD40-385B15961138}.Release|Any CPU.ActiveCfg = Release|Any CPU
		{AB6B9B51-6C1F-49E3-BD40-385B15961138}.Release|Any CPU.Build.0 = Release|Any CPU
	EndGlobalSection
	GlobalSection(SolutionProperties) = preSolution
		HideSolutionNode = FALSE
	EndGlobalSection
	GlobalSection(ExtensibilityGlobals) = postSolution
		SolutionGuid = {4FE1E136-1FCA-4843-A3D9-213760B57BA6}
	EndGlobalSection
EndGlobal
