
Microsoft Visual Studio Solution File, Format Version 12.00
# Visual Studio 15
VisualStudioVersion = 15.0.28307.329
MinimumVisualStudioVersion = 10.0.40219.1
Project("{FAE04EC0-301F-11D3-BF4B-00C04F79EFBC}") = "messagebox", "messagebox\messagebox.csproj", "{BE8B6515-32BD-4D85-A959-29C24AAC7E8D}"
EndProject
Global
	GlobalSection(SolutionConfigurationPlatforms) = preSolution
		Debug|Any CPU = Debug|Any CPU
		Release|Any CPU = Release|Any CPU
	EndGlobalSection
	GlobalSection(ProjectConfigurationPlatforms) = postSolution
		{BE8B6515-32BD-4D85-A959-29C24AAC7E8D}.Debug|Any CPU.ActiveCfg = Debug|Any CPU
		{BE8B6515-32BD-4D85-A959-29C24AAC7E8D}.Debug|Any CPU.Build.0 = Debug|Any CPU
		{BE8B6515-32BD-4D85-A959-29C24AAC7E8D}.Release|Any CPU.ActiveCfg = Release|Any CPU
		{BE8B6515-32BD-4D85-A959-29C24AAC7E8D}.Release|Any CPU.Build.0 = Release|Any CPU
	EndGlobalSection
	GlobalSection(SolutionProperties) = preSolution
		HideSolutionNode = FALSE
	EndGlobalSection
	GlobalSection(ExtensibilityGlobals) = postSolution
		SolutionGuid = {9382098A-11AB-4CA3-82DE-B759304E0A99}
	EndGlobalSection
EndGlobal
