
Microsoft Visual Studio Solution File, Format Version 12.00
# Visual Studio 15
VisualStudioVersion = 15.0.28307.329
MinimumVisualStudioVersion = 10.0.40219.1
Project("{FAE04EC0-301F-11D3-BF4B-00C04F79EFBC}") = "szolanc", "szolanc\szolanc.csproj", "{A98DBC25-4A06-46DF-8F6F-9E59960871BA}"
EndProject
Global
	GlobalSection(SolutionConfigurationPlatforms) = preSolution
		Debug|Any CPU = Debug|Any CPU
		Release|Any CPU = Release|Any CPU
	EndGlobalSection
	GlobalSection(ProjectConfigurationPlatforms) = postSolution
		{A98DBC25-4A06-46DF-8F6F-9E59960871BA}.Debug|Any CPU.ActiveCfg = Debug|Any CPU
		{A98DBC25-4A06-46DF-8F6F-9E59960871BA}.Debug|Any CPU.Build.0 = Debug|Any CPU
		{A98DBC25-4A06-46DF-8F6F-9E59960871BA}.Release|Any CPU.ActiveCfg = Release|Any CPU
		{A98DBC25-4A06-46DF-8F6F-9E59960871BA}.Release|Any CPU.Build.0 = Release|Any CPU
	EndGlobalSection
	GlobalSection(SolutionProperties) = preSolution
		HideSolutionNode = FALSE
	EndGlobalSection
	GlobalSection(ExtensibilityGlobals) = postSolution
		SolutionGuid = {FE098FB0-D63C-40E3-AD93-DB1F5A4B158B}
	EndGlobalSection
EndGlobal
