
Microsoft Visual Studio Solution File, Format Version 12.00
# Visual Studio Version 16
VisualStudioVersion = 16.0.30104.148
MinimumVisualStudioVersion = 10.0.40219.1
Project("{FAE04EC0-301F-11D3-BF4B-00C04F79EFBC}") = "listBox", "listBox.csproj", "{D67A688B-AE9B-483B-B33E-78CE0F368918}"
EndProject
Global
	GlobalSection(SolutionConfigurationPlatforms) = preSolution
		Debug|Any CPU = Debug|Any CPU
		Release|Any CPU = Release|Any CPU
	EndGlobalSection
	GlobalSection(ProjectConfigurationPlatforms) = postSolution
		{D67A688B-AE9B-483B-B33E-78CE0F368918}.Debug|Any CPU.ActiveCfg = Debug|Any CPU
		{D67A688B-AE9B-483B-B33E-78CE0F368918}.Debug|Any CPU.Build.0 = Debug|Any CPU
		{D67A688B-AE9B-483B-B33E-78CE0F368918}.Release|Any CPU.ActiveCfg = Release|Any CPU
		{D67A688B-AE9B-483B-B33E-78CE0F368918}.Release|Any CPU.Build.0 = Release|Any CPU
	EndGlobalSection
	GlobalSection(SolutionProperties) = preSolution
		HideSolutionNode = FALSE
	EndGlobalSection
	GlobalSection(ExtensibilityGlobals) = postSolution
		SolutionGuid = {0F72283D-CB1C-45EE-99D4-238197D69A4C}
	EndGlobalSection
EndGlobal
