
Microsoft Visual Studio Solution File, Format Version 12.00
# Visual Studio Version 16
VisualStudioVersion = 16.0.30104.148
MinimumVisualStudioVersion = 10.0.40219.1
Project("{FAE04EC0-301F-11D3-BF4B-00C04F79EFBC}") = "label igazítás", "label igazítás.csproj", "{7A1283D1-D52C-443E-9B68-BBFFAEE38949}"
EndProject
Global
	GlobalSection(SolutionConfigurationPlatforms) = preSolution
		Debug|Any CPU = Debug|Any CPU
		Release|Any CPU = Release|Any CPU
	EndGlobalSection
	GlobalSection(ProjectConfigurationPlatforms) = postSolution
		{7A1283D1-D52C-443E-9B68-BBFFAEE38949}.Debug|Any CPU.ActiveCfg = Debug|Any CPU
		{7A1283D1-D52C-443E-9B68-BBFFAEE38949}.Debug|Any CPU.Build.0 = Debug|Any CPU
		{7A1283D1-D52C-443E-9B68-BBFFAEE38949}.Release|Any CPU.ActiveCfg = Release|Any CPU
		{7A1283D1-D52C-443E-9B68-BBFFAEE38949}.Release|Any CPU.Build.0 = Release|Any CPU
	EndGlobalSection
	GlobalSection(SolutionProperties) = preSolution
		HideSolutionNode = FALSE
	EndGlobalSection
	GlobalSection(ExtensibilityGlobals) = postSolution
		SolutionGuid = {FC25A020-08A6-40FB-B5B4-FF6A6FF4550C}
	EndGlobalSection
EndGlobal
