
Microsoft Visual Studio Solution File, Format Version 12.00
# Visual Studio 15
VisualStudioVersion = 15.0.28010.2036
MinimumVisualStudioVersion = 10.0.40219.1
Project("{FAE04EC0-301F-11D3-BF4B-00C04F79EFBC}") = "belepok", "belepok\belepok.csproj", "{C0FBF6CF-B80B-48FA-8160-155F954DE5E7}"
EndProject
Global
	GlobalSection(SolutionConfigurationPlatforms) = preSolution
		Debug|Any CPU = Debug|Any CPU
		Release|Any CPU = Release|Any CPU
	EndGlobalSection
	GlobalSection(ProjectConfigurationPlatforms) = postSolution
		{C0FBF6CF-B80B-48FA-8160-155F954DE5E7}.Debug|Any CPU.ActiveCfg = Debug|Any CPU
		{C0FBF6CF-B80B-48FA-8160-155F954DE5E7}.Debug|Any CPU.Build.0 = Debug|Any CPU
		{C0FBF6CF-B80B-48FA-8160-155F954DE5E7}.Release|Any CPU.ActiveCfg = Release|Any CPU
		{C0FBF6CF-B80B-48FA-8160-155F954DE5E7}.Release|Any CPU.Build.0 = Release|Any CPU
	EndGlobalSection
	GlobalSection(SolutionProperties) = preSolution
		HideSolutionNode = FALSE
	EndGlobalSection
	GlobalSection(ExtensibilityGlobals) = postSolution
		SolutionGuid = {069F356E-5D87-42A0-BC66-3CBC44CC1C2A}
	EndGlobalSection
EndGlobal
