
Microsoft Visual Studio Solution File, Format Version 12.00
# Visual Studio Version 16
VisualStudioVersion = 16.0.30621.155
MinimumVisualStudioVersion = 10.0.40219.1
Project("{FAE04EC0-301F-11D3-BF4B-00C04F79EFBC}") = "groupbox", "groupbox.csproj", "{4F55AED9-8964-49DD-9B18-E9912861F4EB}"
EndProject
Global
	GlobalSection(SolutionConfigurationPlatforms) = preSolution
		Debug|Any CPU = Debug|Any CPU
		Release|Any CPU = Release|Any CPU
	EndGlobalSection
	GlobalSection(ProjectConfigurationPlatforms) = postSolution
		{4F55AED9-8964-49DD-9B18-E9912861F4EB}.Debug|Any CPU.ActiveCfg = Debug|Any CPU
		{4F55AED9-8964-49DD-9B18-E9912861F4EB}.Debug|Any CPU.Build.0 = Debug|Any CPU
		{4F55AED9-8964-49DD-9B18-E9912861F4EB}.Release|Any CPU.ActiveCfg = Release|Any CPU
		{4F55AED9-8964-49DD-9B18-E9912861F4EB}.Release|Any CPU.Build.0 = Release|Any CPU
	EndGlobalSection
	GlobalSection(SolutionProperties) = preSolution
		HideSolutionNode = FALSE
	EndGlobalSection
	GlobalSection(ExtensibilityGlobals) = postSolution
		SolutionGuid = {A58B107A-04B2-4685-850E-94C5563DCE7C}
	EndGlobalSection
EndGlobal
