
Microsoft Visual Studio Solution File, Format Version 12.00
# Visual Studio 15
VisualStudioVersion = 15.0.28307.329
MinimumVisualStudioVersion = 10.0.40219.1
Project("{FAE04EC0-301F-11D3-BF4B-00C04F79EFBC}") = "WindowsFormsApp4", "WindowsFormsApp4\WindowsFormsApp4.csproj", "{E35D1841-A850-4C49-8159-0831272E8274}"
EndProject
Global
	GlobalSection(SolutionConfigurationPlatforms) = preSolution
		Debug|Any CPU = Debug|Any CPU
		Release|Any CPU = Release|Any CPU
	EndGlobalSection
	GlobalSection(ProjectConfigurationPlatforms) = postSolution
		{E35D1841-A850-4C49-8159-0831272E8274}.Debug|Any CPU.ActiveCfg = Debug|Any CPU
		{E35D1841-A850-4C49-8159-0831272E8274}.Debug|Any CPU.Build.0 = Debug|Any CPU
		{E35D1841-A850-4C49-8159-0831272E8274}.Release|Any CPU.ActiveCfg = Release|Any CPU
		{E35D1841-A850-4C49-8159-0831272E8274}.Release|Any CPU.Build.0 = Release|Any CPU
	EndGlobalSection
	GlobalSection(SolutionProperties) = preSolution
		HideSolutionNode = FALSE
	EndGlobalSection
	GlobalSection(ExtensibilityGlobals) = postSolution
		SolutionGuid = {8D2C4AC0-FB6D-4C62-9393-BE1F389EE867}
	EndGlobalSection
EndGlobal
