
Microsoft Visual Studio Solution File, Format Version 12.00
# Visual Studio Version 16
VisualStudioVersion = 16.0.30413.136
MinimumVisualStudioVersion = 10.0.40219.1
Project("{FAE04EC0-301F-11D3-BF4B-00C04F79EFBC}") = "szamologep", "szamologep.csproj", "{3FF4E44B-3FD8-4D56-85EB-4F1C2377F886}"
EndProject
Global
	GlobalSection(SolutionConfigurationPlatforms) = preSolution
		Debug|Any CPU = Debug|Any CPU
		Release|Any CPU = Release|Any CPU
	EndGlobalSection
	GlobalSection(ProjectConfigurationPlatforms) = postSolution
		{3FF4E44B-3FD8-4D56-85EB-4F1C2377F886}.Debug|Any CPU.ActiveCfg = Debug|Any CPU
		{3FF4E44B-3FD8-4D56-85EB-4F1C2377F886}.Debug|Any CPU.Build.0 = Debug|Any CPU
		{3FF4E44B-3FD8-4D56-85EB-4F1C2377F886}.Release|Any CPU.ActiveCfg = Release|Any CPU
		{3FF4E44B-3FD8-4D56-85EB-4F1C2377F886}.Release|Any CPU.Build.0 = Release|Any CPU
	EndGlobalSection
	GlobalSection(SolutionProperties) = preSolution
		HideSolutionNode = FALSE
	EndGlobalSection
	GlobalSection(ExtensibilityGlobals) = postSolution
		SolutionGuid = {97B1AADD-4E95-491E-9EE9-9DF5FAFFD776}
	EndGlobalSection
EndGlobal
