
Microsoft Visual Studio Solution File, Format Version 12.00
# Visual Studio Version 16
VisualStudioVersion = 16.0.31911.196
MinimumVisualStudioVersion = 10.0.40219.1
Project("{FAE04EC0-301F-11D3-BF4B-00C04F79EFBC}") = "adatbázishozzafere", "adatbázishozzafere.csproj", "{75FD0D58-52A0-43F6-9AE5-6B4E69702B80}"
EndProject
Global
	GlobalSection(SolutionConfigurationPlatforms) = preSolution
		Debug|Any CPU = Debug|Any CPU
		Release|Any CPU = Release|Any CPU
	EndGlobalSection
	GlobalSection(ProjectConfigurationPlatforms) = postSolution
		{75FD0D58-52A0-43F6-9AE5-6B4E69702B80}.Debug|Any CPU.ActiveCfg = Debug|Any CPU
		{75FD0D58-52A0-43F6-9AE5-6B4E69702B80}.Debug|Any CPU.Build.0 = Debug|Any CPU
		{75FD0D58-52A0-43F6-9AE5-6B4E69702B80}.Release|Any CPU.ActiveCfg = Release|Any CPU
		{75FD0D58-52A0-43F6-9AE5-6B4E69702B80}.Release|Any CPU.Build.0 = Release|Any CPU
	EndGlobalSection
	GlobalSection(SolutionProperties) = preSolution
		HideSolutionNode = FALSE
	EndGlobalSection
	GlobalSection(ExtensibilityGlobals) = postSolution
		SolutionGuid = {D2EFDFDA-AE44-4A65-8C75-9D355D2B0AA4}
	EndGlobalSection
EndGlobal
