
Microsoft Visual Studio Solution File, Format Version 12.00
# Visual Studio Version 16
VisualStudioVersion = 16.0.30804.86
MinimumVisualStudioVersion = 10.0.40219.1
Project("{FAE04EC0-301F-11D3-BF4B-00C04F79EFBC}") = "adfgvx", "adfgvx.csproj", "{883E3755-E5E5-4156-AFF1-57DE7AAB906E}"
EndProject
Global
	GlobalSection(SolutionConfigurationPlatforms) = preSolution
		Debug|Any CPU = Debug|Any CPU
		Release|Any CPU = Release|Any CPU
	EndGlobalSection
	GlobalSection(ProjectConfigurationPlatforms) = postSolution
		{883E3755-E5E5-4156-AFF1-57DE7AAB906E}.Debug|Any CPU.ActiveCfg = Debug|Any CPU
		{883E3755-E5E5-4156-AFF1-57DE7AAB906E}.Debug|Any CPU.Build.0 = Debug|Any CPU
		{883E3755-E5E5-4156-AFF1-57DE7AAB906E}.Release|Any CPU.ActiveCfg = Release|Any CPU
		{883E3755-E5E5-4156-AFF1-57DE7AAB906E}.Release|Any CPU.Build.0 = Release|Any CPU
	EndGlobalSection
	GlobalSection(SolutionProperties) = preSolution
		HideSolutionNode = FALSE
	EndGlobalSection
	GlobalSection(ExtensibilityGlobals) = postSolution
		SolutionGuid = {7029FEFF-9A01-4B12-8480-10154917CF34}
	EndGlobalSection
EndGlobal
