
Microsoft Visual Studio Solution File, Format Version 12.00
# Visual Studio Version 16
VisualStudioVersion = 16.0.30804.86
MinimumVisualStudioVersion = 10.0.40219.1
Project("{FAE04EC0-301F-11D3-BF4B-00C04F79EFBC}") = "szobárk", "szobárk.csproj", "{FBB83403-D73D-49CF-8C6F-FDDD16FE2503}"
EndProject
Global
	GlobalSection(SolutionConfigurationPlatforms) = preSolution
		Debug|Any CPU = Debug|Any CPU
		Release|Any CPU = Release|Any CPU
	EndGlobalSection
	GlobalSection(ProjectConfigurationPlatforms) = postSolution
		{FBB83403-D73D-49CF-8C6F-FDDD16FE2503}.Debug|Any CPU.ActiveCfg = Debug|Any CPU
		{FBB83403-D73D-49CF-8C6F-FDDD16FE2503}.Debug|Any CPU.Build.0 = Debug|Any CPU
		{FBB83403-D73D-49CF-8C6F-FDDD16FE2503}.Release|Any CPU.ActiveCfg = Release|Any CPU
		{FBB83403-D73D-49CF-8C6F-FDDD16FE2503}.Release|Any CPU.Build.0 = Release|Any CPU
	EndGlobalSection
	GlobalSection(SolutionProperties) = preSolution
		HideSolutionNode = FALSE
	EndGlobalSection
	GlobalSection(ExtensibilityGlobals) = postSolution
		SolutionGuid = {1CF17471-A1CD-452B-9E0B-059B4B46E890}
	EndGlobalSection
EndGlobal
